# @generated by Move, please check-in and do not edit manually.

[move]
version = 3
manifest_digest = "94CA02E1374EFEFB55A04AD53E37527B3A60552DA97DDCED5DDD27DED283F710"
deps_digest = "F8BBB0CCB2491CA29A3DF03D6F92277A4F3574266507ACD77214D37ECA3F3082"
dependencies = [
  { id = "Sui", name = "Sui" },
]

[[move.package]]
id = "MoveStdlib"
source = { git = "https://github.com/MystenLabs/sui.git", rev = "framework/mainnet", subdir = "crates/sui-framework/packages/move-stdlib" }

[[move.package]]
id = "Sui"
source = { git = "https://github.com/MystenLabs/sui.git", rev = "framework/mainnet", subdir = "crates/sui-framework/packages/sui-framework" }

dependencies = [
  { id = "MoveStdlib", name = "MoveStdlib" },
]

[move.toolchain-version]
compiler-version = "1.37.1"
edition = "2024.beta"
flavor = "sui"

[env]

[env.mainnet]
chain-id = "35834a8a"
original-published-id = "0x314855e6e47554192d80c2dc7e9bf8757d69097690b53185602d74b470cec541"
latest-published-id = "0x314855e6e47554192d80c2dc7e9bf8757d69097690b53185602d74b470cec541"
published-version = "1"
